
Microsoft Visual Studio Solution File, Format Version 12.00
# Visual Studio Version 16
VisualStudioVersion = 16.0.31321.278
MinimumVisualStudioVersion = 10.0.40219.1
Project("{9A19103F-16F7-4668-BE54-9A1E7A4F7556}") = "arrma.lms_canvas.api_test", "arrma.lms_canvas.api_test\arrma.lms_canvas.api_test.csproj", "{914E40FD-D151-4A1E-AB67-636AD5AAC09F}"
EndProject
Project("{9A19103F-16F7-4668-BE54-9A1E7A4F7556}") = "test_app", "test_app\test_app.csproj", "{535CFCC0-284C-42DA-ABC0-E4854639BCE7}"
EndProject
Project("{FAE04EC0-301F-11D3-BF4B-00C04F79EFBC}") = "CanvasApiCore", "CanvasApiCore\CanvasApiCore.csproj", "{5B224F9D-E9FA-4505-81D3-318FA36D402E}"
EndProject
Global
	GlobalSection(SolutionConfigurationPlatforms) = preSolution
		Debug|Any CPU = Debug|Any CPU
		Release|Any CPU = Release|Any CPU
	EndGlobalSection
	GlobalSection(ProjectConfigurationPlatforms) = postSolution
		{914E40FD-D151-4A1E-AB67-636AD5AAC09F}.Debug|Any CPU.ActiveCfg = Debug|Any CPU
		{914E40FD-D151-4A1E-AB67-636AD5AAC09F}.Debug|Any CPU.Build.0 = Debug|Any CPU
		{914E40FD-D151-4A1E-AB67-636AD5AAC09F}.Release|Any CPU.ActiveCfg = Release|Any CPU
		{914E40FD-D151-4A1E-AB67-636AD5AAC09F}.Release|Any CPU.Build.0 = Release|Any CPU
		{535CFCC0-284C-42DA-ABC0-E4854639BCE7}.Debug|Any CPU.ActiveCfg = Debug|Any CPU
		{535CFCC0-284C-42DA-ABC0-E4854639BCE7}.Debug|Any CPU.Build.0 = Debug|Any CPU
		{535CFCC0-284C-42DA-ABC0-E4854639BCE7}.Release|Any CPU.ActiveCfg = Release|Any CPU
		{535CFCC0-284C-42DA-ABC0-E4854639BCE7}.Release|Any CPU.Build.0 = Release|Any CPU
		{5B224F9D-E9FA-4505-81D3-318FA36D402E}.Debug|Any CPU.ActiveCfg = Debug|Any CPU
		{5B224F9D-E9FA-4505-81D3-318FA36D402E}.Debug|Any CPU.Build.0 = Debug|Any CPU
		{5B224F9D-E9FA-4505-81D3-318FA36D402E}.Release|Any CPU.ActiveCfg = Release|Any CPU
		{5B224F9D-E9FA-4505-81D3-318FA36D402E}.Release|Any CPU.Build.0 = Release|Any CPU
	EndGlobalSection
	GlobalSection(SolutionProperties) = preSolution
		HideSolutionNode = FALSE
	EndGlobalSection
	GlobalSection(ExtensibilityGlobals) = postSolution
		SolutionGuid = {FFC0F398-D64B-456F-9A34-2AC566E5D851}
	EndGlobalSection
EndGlobal
